
Microsoft Visual Studio Solution File, Format Version 12.00
# Visual Studio Version 17
VisualStudioVersion = 17.11.35219.272
MinimumVisualStudioVersion = 10.0.40219.1
Project("{FAE04EC0-301F-11D3-BF4B-00C04F79EFBC}") = "01_MainSubjects", "01_MainSubjects\01_MainSubjects.csproj", "{0158F6CD-DE07-45A0-BB64-2A041204BBF2}"
EndProject
Project("{FAE04EC0-301F-11D3-BF4B-00C04F79EFBC}") = "02_Variables", "02_Variables\02_Variables.csproj", "{32233E8E-86C5-49B2-A53F-41E6634064B5}"
EndProject
Project("{FAE04EC0-301F-11D3-BF4B-00C04F79EFBC}") = "03_MakingDecision", "03_MakingDecision\03_MakingDecision.csproj", "{72CD8A94-79CC-4F2B-92CB-AF1EA030C255}"
EndProject
Project("{FAE04EC0-301F-11D3-BF4B-00C04F79EFBC}") = "04_Loops", "04_Loops\04_Loops.csproj", "{666D72DD-87D7-48C2-A5C2-D3F48B905816}"
EndProject
Project("{FAE04EC0-301F-11D3-BF4B-00C04F79EFBC}") = "05_LoopsWithStars", "05_LoopsWithStars\05_LoopsWithStars.csproj", "{60D3F172-3D00-4854-BCA0-578E510C3B91}"
EndProject
Project("{FAE04EC0-301F-11D3-BF4B-00C04F79EFBC}") = "06_Arrays", "06_Arrays\06_Arrays.csproj", "{A79DF49C-88FC-47B4-A0E4-C34ACCBB3882}"
EndProject
Project("{FAE04EC0-301F-11D3-BF4B-00C04F79EFBC}") = "07_ForeachLoop", "07_ForeachLoop\07_ForeachLoop.csproj", "{DFEB6595-7362-4643-8C69-3CCAE5F23660}"
EndProject
Project("{FAE04EC0-301F-11D3-BF4B-00C04F79EFBC}") = "08_Methods", "08_Methods\08_Methods.csproj", "{DD8331AA-1FA2-44D2-8B88-A5D2EAD2F11B}"
EndProject
Project("{FAE04EC0-301F-11D3-BF4B-00C04F79EFBC}") = "09_DatabaseProject", "09_DatabaseProject\09_DatabaseProject.csproj", "{F5ECCA81-AFDC-480A-88EE-0A5D27886EBE}"
EndProject
Global
	GlobalSection(SolutionConfigurationPlatforms) = preSolution
		Debug|Any CPU = Debug|Any CPU
		Release|Any CPU = Release|Any CPU
	EndGlobalSection
	GlobalSection(ProjectConfigurationPlatforms) = postSolution
		{0158F6CD-DE07-45A0-BB64-2A041204BBF2}.Debug|Any CPU.ActiveCfg = Debug|Any CPU
		{0158F6CD-DE07-45A0-BB64-2A041204BBF2}.Debug|Any CPU.Build.0 = Debug|Any CPU
		{0158F6CD-DE07-45A0-BB64-2A041204BBF2}.Release|Any CPU.ActiveCfg = Release|Any CPU
		{0158F6CD-DE07-45A0-BB64-2A041204BBF2}.Release|Any CPU.Build.0 = Release|Any CPU
		{32233E8E-86C5-49B2-A53F-41E6634064B5}.Debug|Any CPU.ActiveCfg = Debug|Any CPU
		{32233E8E-86C5-49B2-A53F-41E6634064B5}.Debug|Any CPU.Build.0 = Debug|Any CPU
		{32233E8E-86C5-49B2-A53F-41E6634064B5}.Release|Any CPU.ActiveCfg = Release|Any CPU
		{32233E8E-86C5-49B2-A53F-41E6634064B5}.Release|Any CPU.Build.0 = Release|Any CPU
		{72CD8A94-79CC-4F2B-92CB-AF1EA030C255}.Debug|Any CPU.ActiveCfg = Debug|Any CPU
		{72CD8A94-79CC-4F2B-92CB-AF1EA030C255}.Debug|Any CPU.Build.0 = Debug|Any CPU
		{72CD8A94-79CC-4F2B-92CB-AF1EA030C255}.Release|Any CPU.ActiveCfg = Release|Any CPU
		{72CD8A94-79CC-4F2B-92CB-AF1EA030C255}.Release|Any CPU.Build.0 = Release|Any CPU
		{666D72DD-87D7-48C2-A5C2-D3F48B905816}.Debug|Any CPU.ActiveCfg = Debug|Any CPU
		{666D72DD-87D7-48C2-A5C2-D3F48B905816}.Debug|Any CPU.Build.0 = Debug|Any CPU
		{666D72DD-87D7-48C2-A5C2-D3F48B905816}.Release|Any CPU.ActiveCfg = Release|Any CPU
		{666D72DD-87D7-48C2-A5C2-D3F48B905816}.Release|Any CPU.Build.0 = Release|Any CPU
		{60D3F172-3D00-4854-BCA0-578E510C3B91}.Debug|Any CPU.ActiveCfg = Debug|Any CPU
		{60D3F172-3D00-4854-BCA0-578E510C3B91}.Debug|Any CPU.Build.0 = Debug|Any CPU
		{60D3F172-3D00-4854-BCA0-578E510C3B91}.Release|Any CPU.ActiveCfg = Release|Any CPU
		{60D3F172-3D00-4854-BCA0-578E510C3B91}.Release|Any CPU.Build.0 = Release|Any CPU
		{A79DF49C-88FC-47B4-A0E4-C34ACCBB3882}.Debug|Any CPU.ActiveCfg = Debug|Any CPU
		{A79DF49C-88FC-47B4-A0E4-C34ACCBB3882}.Debug|Any CPU.Build.0 = Debug|Any CPU
		{A79DF49C-88FC-47B4-A0E4-C34ACCBB3882}.Release|Any CPU.ActiveCfg = Release|Any CPU
		{A79DF49C-88FC-47B4-A0E4-C34ACCBB3882}.Release|Any CPU.Build.0 = Release|Any CPU
		{DFEB6595-7362-4643-8C69-3CCAE5F23660}.Debug|Any CPU.ActiveCfg = Debug|Any CPU
		{DFEB6595-7362-4643-8C69-3CCAE5F23660}.Debug|Any CPU.Build.0 = Debug|Any CPU
		{DFEB6595-7362-4643-8C69-3CCAE5F23660}.Release|Any CPU.ActiveCfg = Release|Any CPU
		{DFEB6595-7362-4643-8C69-3CCAE5F23660}.Release|Any CPU.Build.0 = Release|Any CPU
		{DD8331AA-1FA2-44D2-8B88-A5D2EAD2F11B}.Debug|Any CPU.ActiveCfg = Debug|Any CPU
		{DD8331AA-1FA2-44D2-8B88-A5D2EAD2F11B}.Debug|Any CPU.Build.0 = Debug|Any CPU
		{DD8331AA-1FA2-44D2-8B88-A5D2EAD2F11B}.Release|Any CPU.ActiveCfg = Release|Any CPU
		{DD8331AA-1FA2-44D2-8B88-A5D2EAD2F11B}.Release|Any CPU.Build.0 = Release|Any CPU
		{F5ECCA81-AFDC-480A-88EE-0A5D27886EBE}.Debug|Any CPU.ActiveCfg = Debug|Any CPU
		{F5ECCA81-AFDC-480A-88EE-0A5D27886EBE}.Debug|Any CPU.Build.0 = Debug|Any CPU
		{F5ECCA81-AFDC-480A-88EE-0A5D27886EBE}.Release|Any CPU.ActiveCfg = Release|Any CPU
		{F5ECCA81-AFDC-480A-88EE-0A5D27886EBE}.Release|Any CPU.Build.0 = Release|Any CPU
	EndGlobalSection
	GlobalSection(SolutionProperties) = preSolution
		HideSolutionNode = FALSE
	EndGlobalSection
	GlobalSection(ExtensibilityGlobals) = postSolution
		SolutionGuid = {2350A1A6-93D2-4D54-AF03-ECB23C98242B}
	EndGlobalSection
EndGlobal
